
Microsoft Visual Studio Solution File, Format Version 12.00
# Visual Studio Version 17
VisualStudioVersion = 17.12.35527.113
MinimumVisualStudioVersion = 10.0.40219.1
Project("{FAE04EC0-301F-11D3-BF4B-00C04F79EFBC}") = "RestaurantManagement", "RestaurantManagement.csproj", "{AC12D3BB-CD42-4EE7-BDDA-BCE11C7B5E35}"
EndProject
Project("{FAE04EC0-301F-11D3-BF4B-00C04F79EFBC}") = "RestaurantManagementTests", "..\RestaurantManagementTests\RestaurantManagementTests.csproj", "{5E703461-D97A-4984-883B-A98A99B2AC3B}"
EndProject
Global
	GlobalSection(SolutionConfigurationPlatforms) = preSolution
		Debug|Any CPU = Debug|Any CPU
		Release|Any CPU = Release|Any CPU
	EndGlobalSection
	GlobalSection(ProjectConfigurationPlatforms) = postSolution
		{AC12D3BB-CD42-4EE7-BDDA-BCE11C7B5E35}.Debug|Any CPU.ActiveCfg = Debug|Any CPU
		{AC12D3BB-CD42-4EE7-BDDA-BCE11C7B5E35}.Debug|Any CPU.Build.0 = Debug|Any CPU
		{AC12D3BB-CD42-4EE7-BDDA-BCE11C7B5E35}.Release|Any CPU.ActiveCfg = Release|Any CPU
		{AC12D3BB-CD42-4EE7-BDDA-BCE11C7B5E35}.Release|Any CPU.Build.0 = Release|Any CPU
		{5E703461-D97A-4984-883B-A98A99B2AC3B}.Debug|Any CPU.ActiveCfg = Debug|Any CPU
		{5E703461-D97A-4984-883B-A98A99B2AC3B}.Debug|Any CPU.Build.0 = Debug|Any CPU
		{5E703461-D97A-4984-883B-A98A99B2AC3B}.Release|Any CPU.ActiveCfg = Release|Any CPU
		{5E703461-D97A-4984-883B-A98A99B2AC3B}.Release|Any CPU.Build.0 = Release|Any CPU
	EndGlobalSection
	GlobalSection(SolutionProperties) = preSolution
		HideSolutionNode = FALSE
	EndGlobalSection
EndGlobal
